
Microsoft Visual Studio Solution File, Format Version 12.00
# Visual Studio Version 16
VisualStudioVersion = 16.0.29806.167
MinimumVisualStudioVersion = 10.0.40219.1
Project("{FAE04EC0-301F-11D3-BF4B-00C04F79EFBC}") = "PA 6 form", "PA 6 form\PA 6 form.csproj", "{83AC70BD-3083-4DEF-85AB-69DFEB80FEFA}"
EndProject
Global
	GlobalSection(SolutionConfigurationPlatforms) = preSolution
		Debug|Any CPU = Debug|Any CPU
		Release|Any CPU = Release|Any CPU
	EndGlobalSection
	GlobalSection(ProjectConfigurationPlatforms) = postSolution
		{83AC70BD-3083-4DEF-85AB-69DFEB80FEFA}.Debug|Any CPU.ActiveCfg = Debug|Any CPU
		{83AC70BD-3083-4DEF-85AB-69DFEB80FEFA}.Debug|Any CPU.Build.0 = Debug|Any CPU
		{83AC70BD-3083-4DEF-85AB-69DFEB80FEFA}.Release|Any CPU.ActiveCfg = Release|Any CPU
		{83AC70BD-3083-4DEF-85AB-69DFEB80FEFA}.Release|Any CPU.Build.0 = Release|Any CPU
	EndGlobalSection
	GlobalSection(SolutionProperties) = preSolution
		HideSolutionNode = FALSE
	EndGlobalSection
	GlobalSection(ExtensibilityGlobals) = postSolution
		SolutionGuid = {BE5437A0-8CE2-4FA0-9F74-8A626EB107A9}
	EndGlobalSection
EndGlobal
